
Microsoft Visual Studio Solution File, Format Version 12.00
# Visual Studio 15
VisualStudioVersion = 15.0.28307.168
MinimumVisualStudioVersion = 10.0.40219.1
Project("{FAE04EC0-301F-11D3-BF4B-00C04F79EFBC}") = "LamondLu.AzureFileProvider", "LamondLu.AzureFileProvider\LamondLu.AzureFileProvider.csproj", "{57F6628E-35D9-4604-86EB-EB6914A1CF5C}"
EndProject
Global
	GlobalSection(SolutionConfigurationPlatforms) = preSolution
		Debug|Any CPU = Debug|Any CPU
		Release|Any CPU = Release|Any CPU
	EndGlobalSection
	GlobalSection(ProjectConfigurationPlatforms) = postSolution
		{57F6628E-35D9-4604-86EB-EB6914A1CF5C}.Debug|Any CPU.ActiveCfg = Debug|Any CPU
		{57F6628E-35D9-4604-86EB-EB6914A1CF5C}.Debug|Any CPU.Build.0 = Debug|Any CPU
		{57F6628E-35D9-4604-86EB-EB6914A1CF5C}.Release|Any CPU.ActiveCfg = Release|Any CPU
		{57F6628E-35D9-4604-86EB-EB6914A1CF5C}.Release|Any CPU.Build.0 = Release|Any CPU
	EndGlobalSection
	GlobalSection(SolutionProperties) = preSolution
		HideSolutionNode = FALSE
	EndGlobalSection
	GlobalSection(ExtensibilityGlobals) = postSolution
		SolutionGuid = {8CF1DD6E-10F9-4CEA-B6C7-4182A9621563}
	EndGlobalSection
EndGlobal
